%{
  "estree": {:hex, :estree, "2.7.0", "32cb6ff05c85a93bf6c646b3b184e131f699fc1e7157d2b5be148c17f43ae566", [:mix], [], "hexpm", "bbfd859ec5ee37680572a266f8c905e78706ee75a48019b468435a4af125fbb5"},
  "nimble_parsec": {:hex, :nimble_parsec, "0.5.3", "def21c10a9ed70ce22754fdeea0810dafd53c2db3219a0cd54cf5526377af1c6", [:mix], [], "hexpm", "589b5af56f4afca65217a1f3eb3fee7e79b09c40c742fddc1c312b3ac0b3399f"},
}
